# This file is generated by running "yarn install" inside your project.
# Manual changes might be lost - proceed with caution!

__metadata:
  version: 6
  cacheKey: 8

"@babel/runtime@npm:^7.1.2":
  version: 7.21.5
  resolution: "@babel/runtime@npm:7.21.5"
  dependencies:
    regenerator-runtime: ^0.13.11
  checksum: 358f2779d3187f5c67ad302e8f8d435412925d0b991d133c7d4a7b1ddd5a3fda1b6f34537cb64628dfd96a27ae46df105bed3895b8d754b88cacdded8d1129dd
  languageName: node
  linkType: hard

"@emotion/hash@npm:^0.9.0":
  version: 0.9.1
  resolution: "@emotion/hash@npm:0.9.1"
  checksum: 716e17e48bf9047bf9383982c071de49f2615310fb4e986738931776f5a823bc1f29c84501abe0d3df91a3803c80122d24e28b57351bca9e01356ebb33d89876
  languageName: node
  linkType: hard

"@floating-ui/core@npm:^1.2.6":
  version: 1.2.6
  resolution: "@floating-ui/core@npm:1.2.6"
  checksum: e4aa96c435277f1720d4bc939e17a79b1e1eebd589c20b622d3c646a5273590ff889b8c6e126f7be61873cf8c4d7db7d418895986ea19b8b0d0530de32504c3a
  languageName: node
  linkType: hard

"@floating-ui/dom@npm:^1.2.0":
  version: 1.2.7
  resolution: "@floating-ui/dom@npm:1.2.7"
  dependencies:
    "@floating-ui/core": ^1.2.6
  checksum: f330228b909ecf241fea1db780a97c842acaea74d2a5ce99456040f9932a80d12c6a77e1c7d56a2700fe6bc85f961f76a7f3bd2640c3a5b2bc497ccc65074519
  languageName: node
  linkType: hard

"@fluentui/keyboard-keys@npm:^9.0.2":
  version: 9.0.2
  resolution: "@fluentui/keyboard-keys@npm:9.0.2"
  dependencies:
    "@swc/helpers": ^0.4.14
  checksum: c1989d3baea0204471f91255e256b6d128190f77cd71a41ae6da2676448836eae5d83bf086563acbfd7cd21134a608c8aad00e0e18a10d2a0d39befaa2ba7ce9
  languageName: node
  linkType: hard

"@fluentui/priority-overflow@npm:^9.0.2":
  version: 9.0.2
  resolution: "@fluentui/priority-overflow@npm:9.0.2"
  dependencies:
    "@swc/helpers": ^0.4.14
  checksum: e6f80734068f7baeef2f0ab24bed3cb94b98c56f6483340d8899aa0ff245195fb07f468a49160a52722eeb1ed97acc611e871594c1c3658dfdfb055de2a7ab99
  languageName: node
  linkType: hard

"@fluentui/react-accordion@npm:^9.1.10":
  version: 9.1.10
  resolution: "@fluentui/react-accordion@npm:9.1.10"
  dependencies:
    "@fluentui/react-aria": ^9.3.18
    "@fluentui/react-context-selector": ^9.1.18
    "@fluentui/react-icons": ^2.0.196
    "@fluentui/react-jsx-runtime": 9.0.0-alpha.2
    "@fluentui/react-shared-contexts": ^9.3.3
    "@fluentui/react-tabster": ^9.6.5
    "@fluentui/react-theme": ^9.1.7
    "@fluentui/react-utilities": ^9.8.0
    "@griffel/react": ^1.5.2
    "@swc/helpers": ^0.4.14
  peerDependencies:
    "@types/react": ">=16.8.0 <19.0.0"
    "@types/react-dom": ">=16.8.0 <19.0.0"
    react: ">=16.8.0 <19.0.0"
    react-dom: ">=16.8.0 <19.0.0"
    scheduler: ^0.19.0 || ^0.20.0
  checksum: 22159e8ce184d7f6218bfaa168423a90b7a3fa9c085ca2388dcfb6603ab092f20f334618884f0271e98e8dc3b8d3df314dafbe5ee6003ca21d17e9e37e95e802
  languageName: node
  linkType: hard

"@fluentui/react-alert@npm:9.0.0-beta.45":
  version: 9.0.0-beta.45
  resolution: "@fluentui/react-alert@npm:9.0.0-beta.45"
  dependencies:
    "@fluentui/react-avatar": ^9.4.10
    "@fluentui/react-button": ^9.3.10
    "@fluentui/react-icons": ^2.0.196
    "@fluentui/react-jsx-runtime": 9.0.0-alpha.2
    "@fluentui/react-tabster": ^9.6.5
    "@fluentui/react-theme": ^9.1.7
    "@fluentui/react-utilities": ^9.8.0
    "@griffel/react": ^1.5.2
    "@swc/helpers": ^0.4.14
  peerDependencies:
    "@types/react": ">=16.8.0 <19.0.0"
    "@types/react-dom": ">=16.8.0 <19.0.0"
    react: ">=16.8.0 <19.0.0"
    react-dom: ">=16.8.0 <19.0.0"
  checksum: 985ff965ff354d38b1581a744f1cbf9428918546c35dbbd130992360b827a89650ef4dbe152902569185c11a3c51062f2239cbf1608856381d3169b82c21caa3
  languageName: node
  linkType: hard

"@fluentui/react-aria@npm:^9.3.18":
  version: 9.3.18
  resolution: "@fluentui/react-aria@npm:9.3.18"
  dependencies:
    "@fluentui/keyboard-keys": ^9.0.2
    "@fluentui/react-utilities": ^9.8.0
    "@swc/helpers": ^0.4.14
  peerDependencies:
    "@types/react": ">=16.8.0 <19.0.0"
    "@types/react-dom": ">=16.8.0 <19.0.0"
    react: ">=16.8.0 <19.0.0"
    react-dom: ">=16.8.0 <19.0.0"
  checksum: 2437b905c0a2eafa155f2941cdf8ebde4409d0bf1743fef308655342f936c6b51b9e5f49afe8b91d548714a465d4aeb1a349314ac6424df9478e85d9cbe6bcaf
  languageName: node
  linkType: hard

"@fluentui/react-avatar@npm:^9.4.10":
  version: 9.4.10
  resolution: "@fluentui/react-avatar@npm:9.4.10"
  dependencies:
    "@fluentui/react-badge": ^9.1.10
    "@fluentui/react-context-selector": ^9.1.18
    "@fluentui/react-icons": ^2.0.196
    "@fluentui/react-jsx-runtime": 9.0.0-alpha.2
    "@fluentui/react-popover": ^9.5.10
    "@fluentui/react-shared-contexts": ^9.3.3
    "@fluentui/react-tabster": ^9.6.5
    "@fluentui/react-theme": ^9.1.7
    "@fluentui/react-tooltip": ^9.2.10
    "@fluentui/react-utilities": ^9.8.0
    "@griffel/react": ^1.5.2
    "@swc/helpers": ^0.4.14
  peerDependencies:
    "@types/react": ">=16.8.0 <19.0.0"
    "@types/react-dom": ">=16.8.0 <19.0.0"
    react: ">=16.8.0 <19.0.0"
    react-dom: ">=16.8.0 <19.0.0"
    scheduler: ^0.19.0 || ^0.20.0
  checksum: 8139c8439f0f338855e183e687d6bb1aed9f842cc77f95d4dac21637e69ee17b949e9f24608125b246a065cc6c1379ba396ea740b06b12c9ef9ff8b122a5a527
  languageName: node
  linkType: hard

"@fluentui/react-badge@npm:^9.1.10":
  version: 9.1.10
  resolution: "@fluentui/react-badge@npm:9.1.10"
  dependencies:
    "@fluentui/react-icons": ^2.0.196
    "@fluentui/react-jsx-runtime": 9.0.0-alpha.2
    "@fluentui/react-shared-contexts": ^9.3.3
    "@fluentui/react-theme": ^9.1.7
    "@fluentui/react-utilities": ^9.8.0
    "@griffel/react": ^1.5.2
    "@swc/helpers": ^0.4.14
  peerDependencies:
    "@types/react": ">=16.8.0 <19.0.0"
    "@types/react-dom": ">=16.8.0 <19.0.0"
    react: ">=16.8.0 <19.0.0"
    react-dom: ">=16.8.0 <19.0.0"
  checksum: d7cedab8d028221cb038a36b0d8a0f90ae11454c408e1ca40beee5173b93f1a121bde3c5636e6a3b8a3170ba16eb361baf67fc163c9e2bdb7acd5ea22db69a86
  languageName: node
  linkType: hard

"@fluentui/react-button@npm:^9.3.10":
  version: 9.3.10
  resolution: "@fluentui/react-button@npm:9.3.10"
  dependencies:
    "@fluentui/keyboard-keys": ^9.0.2
    "@fluentui/react-aria": ^9.3.18
    "@fluentui/react-icons": ^2.0.196
    "@fluentui/react-jsx-runtime": 9.0.0-alpha.2
    "@fluentui/react-shared-contexts": ^9.3.3
    "@fluentui/react-tabster": ^9.6.5
    "@fluentui/react-theme": ^9.1.7
    "@fluentui/react-utilities": ^9.8.0
    "@griffel/react": ^1.5.2
    "@swc/helpers": ^0.4.14
  peerDependencies:
    "@types/react": ">=16.8.0 <19.0.0"
    "@types/react-dom": ">=16.8.0 <19.0.0"
    react: ">=16.8.0 <19.0.0"
    react-dom: ">=16.8.0 <19.0.0"
  checksum: 52295a07a000db34e8a1209e6d3789981d4444fcfd4a67760cf97f892501a5a7aa790fe22ef2a21928734bc763f5f12b353b920490bcbd7b07b1f4a0e3a34f78
  languageName: node
  linkType: hard

"@fluentui/react-card@npm:^9.0.8":
  version: 9.0.8
  resolution: "@fluentui/react-card@npm:9.0.8"
  dependencies:
    "@fluentui/keyboard-keys": ^9.0.2
    "@fluentui/react-jsx-runtime": 9.0.0-alpha.2
    "@fluentui/react-tabster": ^9.6.5
    "@fluentui/react-theme": ^9.1.7
    "@fluentui/react-utilities": ^9.8.0
    "@griffel/react": ^1.5.2
    "@swc/helpers": ^0.4.14
  peerDependencies:
    "@types/react": ">=16.8.0 <19.0.0"
    "@types/react-dom": ">=16.8.0 <19.0.0"
    react: ">=16.8.0 <19.0.0"
    react-dom: ">=16.8.0 <19.0.0"
  checksum: 6cd87a4894bbc092396e8a089bd865767892ea2280047effa2c215af8713469ab16090d3b02e063f8d87d707da0fcdf876591ad2f585f80a61b80b22f2144782
  languageName: node
  linkType: hard

"@fluentui/react-checkbox@npm:^9.1.11":
  version: 9.1.11
  resolution: "@fluentui/react-checkbox@npm:9.1.11"
  dependencies:
    "@fluentui/react-field": ^9.1.1
    "@fluentui/react-icons": ^2.0.196
    "@fluentui/react-jsx-runtime": 9.0.0-alpha.2
    "@fluentui/react-label": ^9.1.10
    "@fluentui/react-shared-contexts": ^9.3.3
    "@fluentui/react-tabster": ^9.6.5
    "@fluentui/react-theme": ^9.1.7
    "@fluentui/react-utilities": ^9.8.0
    "@griffel/react": ^1.5.2
    "@swc/helpers": ^0.4.14
  peerDependencies:
    "@types/react": ">=16.8.0 <19.0.0"
    "@types/react-dom": ">=16.8.0 <19.0.0"
    react: ">=16.8.0 <19.0.0"
    react-dom: ">=16.8.0 <19.0.0"
  checksum: 4fb621dbaf9859d5d3373a69aed9ac1ae720daa976e9fb989b01cba87a057c168cdca907aabf4ddc04d4aaece02c4477fd1caad74e711b2e35f7d6712e2a3d91
  languageName: node
  linkType: hard

"@fluentui/react-combobox@npm:^9.2.11":
  version: 9.2.11
  resolution: "@fluentui/react-combobox@npm:9.2.11"
  dependencies:
    "@fluentui/keyboard-keys": ^9.0.2
    "@fluentui/react-context-selector": ^9.1.18
    "@fluentui/react-field": ^9.1.1
    "@fluentui/react-icons": ^2.0.196
    "@fluentui/react-jsx-runtime": 9.0.0-alpha.2
    "@fluentui/react-portal": ^9.2.6
    "@fluentui/react-positioning": ^9.5.10
    "@fluentui/react-shared-contexts": ^9.3.3
    "@fluentui/react-theme": ^9.1.7
    "@fluentui/react-utilities": ^9.8.0
    "@griffel/react": ^1.5.2
    "@swc/helpers": ^0.4.14
  peerDependencies:
    "@types/react": ">=16.8.0 <19.0.0"
    "@types/react-dom": ">=16.8.0 <19.0.0"
    react: ">=16.8.0 <19.0.0"
    react-dom: ">=16.8.0 <19.0.0"
    scheduler: ^0.19.0 || ^0.20.0
  checksum: db349e84340fb1e1809d861ac9cda0450ccdee26571da526a2359edc14525840f83e14b694470b099e43d9e94050d18c94aef7ff5f159e3e984b09b7cbc16ba1
  languageName: node
  linkType: hard

"@fluentui/react-components@npm:^9.19.1":
  version: 9.19.1
  resolution: "@fluentui/react-components@npm:9.19.1"
  dependencies:
    "@fluentui/react-accordion": ^9.1.10
    "@fluentui/react-alert": 9.0.0-beta.45
    "@fluentui/react-avatar": ^9.4.10
    "@fluentui/react-badge": ^9.1.10
    "@fluentui/react-button": ^9.3.10
    "@fluentui/react-card": ^9.0.8
    "@fluentui/react-checkbox": ^9.1.11
    "@fluentui/react-combobox": ^9.2.11
    "@fluentui/react-dialog": ^9.5.3
    "@fluentui/react-divider": ^9.2.10
    "@fluentui/react-field": ^9.1.1
    "@fluentui/react-image": ^9.1.7
    "@fluentui/react-infobutton": 9.0.0-beta.28
    "@fluentui/react-input": ^9.4.11
    "@fluentui/react-label": ^9.1.10
    "@fluentui/react-link": ^9.0.36
    "@fluentui/react-menu": ^9.7.10
    "@fluentui/react-overflow": ^9.0.15
    "@fluentui/react-persona": ^9.2.9
    "@fluentui/react-popover": ^9.5.10
    "@fluentui/react-portal": ^9.2.6
    "@fluentui/react-positioning": ^9.5.10
    "@fluentui/react-progress": ^9.1.11
    "@fluentui/react-provider": ^9.5.4
    "@fluentui/react-radio": ^9.1.11
    "@fluentui/react-select": ^9.1.11
    "@fluentui/react-shared-contexts": ^9.3.3
    "@fluentui/react-skeleton": 9.0.0-beta.10
    "@fluentui/react-slider": ^9.1.11
    "@fluentui/react-spinbutton": ^9.2.11
    "@fluentui/react-spinner": ^9.1.10
    "@fluentui/react-switch": ^9.1.11
    "@fluentui/react-table": ^9.2.7
    "@fluentui/react-tabs": ^9.3.11
    "@fluentui/react-tabster": ^9.6.5
    "@fluentui/react-text": ^9.3.7
    "@fluentui/react-textarea": ^9.3.11
    "@fluentui/react-theme": ^9.1.7
    "@fluentui/react-toolbar": ^9.1.11
    "@fluentui/react-tooltip": ^9.2.10
    "@fluentui/react-tree": 9.0.0-beta.12
    "@fluentui/react-utilities": ^9.8.0
    "@fluentui/react-virtualizer": 9.0.0-alpha.18
    "@griffel/react": ^1.5.2
    "@swc/helpers": ^0.4.14
  peerDependencies:
    "@types/react": ">=16.8.0 <19.0.0"
    "@types/react-dom": ">=16.8.0 <19.0.0"
    react: ">=16.8.0 <19.0.0"
    react-dom: ">=16.8.0 <19.0.0"
    scheduler: ^0.19.0 || ^0.20.0
  checksum: 3d8cd19c4e2e7706c8bed712f073e84241872a85b2173ebcbb3d2b47aa90392ba5122412ae69b0a4447fd918b44cb8fdacfaaa8d2ae7ea282a0d4baab27141f2
  languageName: node
  linkType: hard

"@fluentui/react-context-selector@npm:^9.1.18":
  version: 9.1.18
  resolution: "@fluentui/react-context-selector@npm:9.1.18"
  dependencies:
    "@fluentui/react-utilities": ^9.8.0
    "@swc/helpers": ^0.4.14
  peerDependencies:
    "@types/react": ">=16.8.0 <19.0.0"
    "@types/react-dom": ">=16.8.0 <19.0.0"
    react: ">=16.8.0 <19.0.0"
    react-dom: ">=16.8.0 <19.0.0"
    scheduler: ^0.19.0 || ^0.20.0
  checksum: 585002b7f5ec8457dba48d1c168533ab0bd2252310098e402b86f5c3afb698b345bac2caa7738d8c94c6223bd2041708fb382208febf1f93ead26a84799ff779
  languageName: node
  linkType: hard

"@fluentui/react-dialog@npm:^9.5.3":
  version: 9.5.3
  resolution: "@fluentui/react-dialog@npm:9.5.3"
  dependencies:
    "@fluentui/keyboard-keys": ^9.0.2
    "@fluentui/react-aria": ^9.3.18
    "@fluentui/react-context-selector": ^9.1.18
    "@fluentui/react-icons": ^2.0.196
    "@fluentui/react-jsx-runtime": 9.0.0-alpha.2
    "@fluentui/react-portal": ^9.2.6
    "@fluentui/react-shared-contexts": ^9.3.3
    "@fluentui/react-tabster": ^9.6.5
    "@fluentui/react-theme": ^9.1.7
    "@fluentui/react-utilities": ^9.8.0
    "@griffel/react": ^1.5.2
    "@swc/helpers": ^0.4.14
  peerDependencies:
    "@types/react": ">=16.8.0 <19.0.0"
    "@types/react-dom": ">=16.8.0 <19.0.0"
    react: ">=16.8.0 <19.0.0"
    react-dom: ">=16.8.0 <19.0.0"
  checksum: db75b46a7bd0f5caec40186dbd3f0d792b1048d5ecda0972253d9b0f7474998a146024162da670abc2028559d23456798a01830b2b7f949bc5442a02ee17f250
  languageName: node
  linkType: hard

"@fluentui/react-divider@npm:^9.2.10":
  version: 9.2.10
  resolution: "@fluentui/react-divider@npm:9.2.10"
  dependencies:
    "@fluentui/react-jsx-runtime": 9.0.0-alpha.2
    "@fluentui/react-shared-contexts": ^9.3.3
    "@fluentui/react-theme": ^9.1.7
    "@fluentui/react-utilities": ^9.8.0
    "@griffel/react": ^1.5.2
    "@swc/helpers": ^0.4.14
  peerDependencies:
    "@types/react": ">=16.8.0 <19.0.0"
    "@types/react-dom": ">=16.8.0 <19.0.0"
    react: ">=16.8.0 <19.0.0"
    react-dom: ">=16.8.0 <19.0.0"
  checksum: 4c29d9a2bfbc499ffc3dd9aace4b0fb117ef11ac93c5dee6b6556903f98e00d715d1878905bee552127ef50cacecb33caa104c907d7945a67d45caafa7c2400e
  languageName: node
  linkType: hard

"@fluentui/react-field@npm:^9.1.1":
  version: 9.1.1
  resolution: "@fluentui/react-field@npm:9.1.1"
  dependencies:
    "@fluentui/react-context-selector": ^9.1.18
    "@fluentui/react-icons": ^2.0.196
    "@fluentui/react-jsx-runtime": 9.0.0-alpha.2
    "@fluentui/react-label": ^9.1.10
    "@fluentui/react-theme": ^9.1.7
    "@fluentui/react-utilities": ^9.8.0
    "@griffel/react": ^1.5.2
    "@swc/helpers": ^0.4.14
  peerDependencies:
    "@types/react": ">=16.8.0 <19.0.0"
    "@types/react-dom": ">=16.8.0 <19.0.0"
    react: ">=16.8.0 <19.0.0"
    react-dom: ">=16.8.0 <19.0.0"
  checksum: db741290cb6bd8fd2b3e02df9e62c8f05f8448143edc34c7d58c6ce9f93fc6beed7525368b63e547b8b8a3eff19eda6c7864510402376822ebde4eb154c6973f
  languageName: node
  linkType: hard

"@fluentui/react-icons@npm:^2.0.196":
  version: 2.0.201
  resolution: "@fluentui/react-icons@npm:2.0.201"
  dependencies:
    "@griffel/react": ^1.0.0
    tslib: ^2.1.0
  peerDependencies:
    react: ">=16.8.0 <19.0.0"
  checksum: e1bf895c748a7094c5692f400e9628da52d4ac723f1a9c1147b25eb7a8069514894303ea3073504ed0217ecd3c23765a7bf35f40a39c77b028571207f4fb68db
  languageName: node
  linkType: hard

"@fluentui/react-image@npm:^9.1.7":
  version: 9.1.7
  resolution: "@fluentui/react-image@npm:9.1.7"
  dependencies:
    "@fluentui/react-jsx-runtime": 9.0.0-alpha.2
    "@fluentui/react-shared-contexts": ^9.3.3
    "@fluentui/react-theme": ^9.1.7
    "@fluentui/react-utilities": ^9.8.0
    "@griffel/react": ^1.5.2
    "@swc/helpers": ^0.4.14
  peerDependencies:
    "@types/react": ">=16.8.0 <19.0.0"
    "@types/react-dom": ">=16.8.0 <19.0.0"
    react: ">=16.8.0 <19.0.0"
    react-dom: ">=16.8.0 <19.0.0"
  checksum: 4eb6d9bbca6431fd034a36d77c2b1ec72fb4c5379dd93e702d31a92a141483852b6107383dc8ee030566bb20f286f179d05dacce55114c92544604ede669da85
  languageName: node
  linkType: hard

"@fluentui/react-infobutton@npm:9.0.0-beta.28":
  version: 9.0.0-beta.28
  resolution: "@fluentui/react-infobutton@npm:9.0.0-beta.28"
  dependencies:
    "@fluentui/react-icons": ^2.0.196
    "@fluentui/react-jsx-runtime": 9.0.0-alpha.2
    "@fluentui/react-label": ^9.1.10
    "@fluentui/react-popover": ^9.5.10
    "@fluentui/react-tabster": ^9.6.5
    "@fluentui/react-theme": ^9.1.7
    "@fluentui/react-utilities": ^9.8.0
    "@griffel/react": ^1.5.2
    "@swc/helpers": ^0.4.14
  peerDependencies:
    "@types/react": ">=16.8.0 <19.0.0"
    "@types/react-dom": ">=16.8.0 <19.0.0"
    react: ">=16.8.0 <19.0.0"
    react-dom: ">=16.8.0 <19.0.0"
  checksum: 9382c9ebc761b85868f4988104aa38a33a913fb517e500241e8031270d7c3adbed67f69ce4abdc5fdedb2c228a0b1cfb21c00c6eff6bcc65c00431ff774f8d98
  languageName: node
  linkType: hard

"@fluentui/react-input@npm:^9.4.11":
  version: 9.4.11
  resolution: "@fluentui/react-input@npm:9.4.11"
  dependencies:
    "@fluentui/react-field": ^9.1.1
    "@fluentui/react-jsx-runtime": 9.0.0-alpha.2
    "@fluentui/react-shared-contexts": ^9.3.3
    "@fluentui/react-theme": ^9.1.7
    "@fluentui/react-utilities": ^9.8.0
    "@griffel/react": ^1.5.2
    "@swc/helpers": ^0.4.14
  peerDependencies:
    "@types/react": ">=16.8.0 <19.0.0"
    "@types/react-dom": ">=16.8.0 <19.0.0"
    react: ">=16.8.0 <19.0.0"
    react-dom: ">=16.8.0 <19.0.0"
  checksum: f910d05a7be51105709925e0934eb080e689a6d67accf5336ee7ea7894dfc694cad88235dfbc6b444a7164df25470659c01db89833b1cc74473f4c5ba9a51920
  languageName: node
  linkType: hard

"@fluentui/react-jsx-runtime@npm:9.0.0-alpha.2":
  version: 9.0.0-alpha.2
  resolution: "@fluentui/react-jsx-runtime@npm:9.0.0-alpha.2"
  dependencies:
    "@fluentui/react-utilities": ^9.8.0
    "@swc/helpers": ^0.4.14
  peerDependencies:
    "@types/react": ">=16.8.0 <19.0.0"
    react: ">=16.8.0 <19.0.0"
  checksum: eb2cd6bca70456eb4ba3cfdaf50eee4052ffdc0a5875f8b3d1885923923b3df21fbf823e1b410b307115eb809c916ee1499fa99709e37a27b135576e0ec429e1
  languageName: node
  linkType: hard

"@fluentui/react-label@npm:^9.1.10":
  version: 9.1.10
  resolution: "@fluentui/react-label@npm:9.1.10"
  dependencies:
    "@fluentui/react-jsx-runtime": 9.0.0-alpha.2
    "@fluentui/react-shared-contexts": ^9.3.3
    "@fluentui/react-theme": ^9.1.7
    "@fluentui/react-utilities": ^9.8.0
    "@griffel/react": ^1.5.2
    "@swc/helpers": ^0.4.14
  peerDependencies:
    "@types/react": ">=16.8.0 <19.0.0"
    "@types/react-dom": ">=16.8.0 <19.0.0"
    react: ">=16.8.0 <19.0.0"
    react-dom: ">=16.8.0 <19.0.0"
  checksum: e14a1b844f15f35dc741ad85b650df99beb816d6c9e0bf9aaea59837511c5779320042f932c70359c78a17781052737a2727e3a11e256bf765a4ff6eb93961f6
  languageName: node
  linkType: hard

"@fluentui/react-link@npm:^9.0.36":
  version: 9.0.36
  resolution: "@fluentui/react-link@npm:9.0.36"
  dependencies:
    "@fluentui/keyboard-keys": ^9.0.2
    "@fluentui/react-jsx-runtime": 9.0.0-alpha.2
    "@fluentui/react-tabster": ^9.6.5
    "@fluentui/react-theme": ^9.1.7
    "@fluentui/react-utilities": ^9.8.0
    "@griffel/react": ^1.5.2
    "@swc/helpers": ^0.4.14
  peerDependencies:
    "@types/react": ">=16.8.0 <19.0.0"
    "@types/react-dom": ">=16.8.0 <19.0.0"
    react: ">=16.8.0 <19.0.0"
    react-dom: ">=16.8.0 <19.0.0"
  checksum: 225424fcc96eb59fe3b3c1b53f78e17017327d7c0c4eac76c0bbb51e943bcd0d6dc29f71896a0b6f0c4e7435317d86676fa8098c2622a1642f59d436e9392b3c
  languageName: node
  linkType: hard

"@fluentui/react-menu@npm:^9.7.10":
  version: 9.7.10
  resolution: "@fluentui/react-menu@npm:9.7.10"
  dependencies:
    "@fluentui/keyboard-keys": ^9.0.2
    "@fluentui/react-aria": ^9.3.18
    "@fluentui/react-context-selector": ^9.1.18
    "@fluentui/react-icons": ^2.0.196
    "@fluentui/react-jsx-runtime": 9.0.0-alpha.2
    "@fluentui/react-portal": ^9.2.6
    "@fluentui/react-positioning": ^9.5.10
    "@fluentui/react-shared-contexts": ^9.3.3
    "@fluentui/react-tabster": ^9.6.5
    "@fluentui/react-theme": ^9.1.7
    "@fluentui/react-utilities": ^9.8.0
    "@griffel/react": ^1.5.2
    "@swc/helpers": ^0.4.14
  peerDependencies:
    "@types/react": ">=16.8.0 <19.0.0"
    "@types/react-dom": ">=16.8.0 <19.0.0"
    react: ">=16.8.0 <19.0.0"
    react-dom: ">=16.8.0 <19.0.0"
    scheduler: ^0.19.0 || ^0.20.0
  checksum: b4b23723b1040f5cf77c84f261fb3761f19f8428f3b98ea6556128bbb1804e7e30c79eeec5a9436539e22138b04167615784613d5216084f5bedafeeb0bf178f
  languageName: node
  linkType: hard

"@fluentui/react-overflow@npm:^9.0.15":
  version: 9.0.15
  resolution: "@fluentui/react-overflow@npm:9.0.15"
  dependencies:
    "@fluentui/priority-overflow": ^9.0.2
    "@fluentui/react-context-selector": ^9.1.18
    "@fluentui/react-theme": ^9.1.7
    "@fluentui/react-utilities": ^9.8.0
    "@griffel/react": ^1.5.2
    "@swc/helpers": ^0.4.14
  peerDependencies:
    "@types/react": ">=16.8.0 <19.0.0"
    "@types/react-dom": ">=16.8.0 <19.0.0"
    react: ">=16.8.0 <19.0.0"
    react-dom: ">=16.8.0 <19.0.0"
    scheduler: ^0.19.0 || ^0.20.0
  checksum: 46e7ff2448dbc9d03e34417ffd7d4fa2088ec98ac167a8534c63e5e427dc4c166e0c11c422ae0fd3e7660bf4719f84ac359001acf802c15c3f0c1f70d5501b8a
  languageName: node
  linkType: hard

"@fluentui/react-persona@npm:^9.2.9":
  version: 9.2.9
  resolution: "@fluentui/react-persona@npm:9.2.9"
  dependencies:
    "@fluentui/react-avatar": ^9.4.10
    "@fluentui/react-badge": ^9.1.10
    "@fluentui/react-jsx-runtime": 9.0.0-alpha.2
    "@fluentui/react-shared-contexts": ^9.3.3
    "@fluentui/react-theme": ^9.1.7
    "@fluentui/react-utilities": ^9.8.0
    "@griffel/react": ^1.5.2
    "@swc/helpers": ^0.4.14
  peerDependencies:
    "@types/react": ">=16.8.0 <19.0.0"
    "@types/react-dom": ">=16.8.0 <19.0.0"
    react: ">=16.8.0 <19.0.0"
    react-dom: ">=16.8.0 <19.0.0"
  checksum: d3bd82f2654537378cb24e2af32e7831a3ec5783ecd002ec9064fa030fb8599aa652be1d00f8e44b2e6df8234e353c96359b7fdae955079af183d2a553dc47e0
  languageName: node
  linkType: hard

"@fluentui/react-popover@npm:^9.5.10":
  version: 9.5.10
  resolution: "@fluentui/react-popover@npm:9.5.10"
  dependencies:
    "@fluentui/keyboard-keys": ^9.0.2
    "@fluentui/react-aria": ^9.3.18
    "@fluentui/react-context-selector": ^9.1.18
    "@fluentui/react-jsx-runtime": 9.0.0-alpha.2
    "@fluentui/react-portal": ^9.2.6
    "@fluentui/react-positioning": ^9.5.10
    "@fluentui/react-shared-contexts": ^9.3.3
    "@fluentui/react-tabster": ^9.6.5
    "@fluentui/react-theme": ^9.1.7
    "@fluentui/react-utilities": ^9.8.0
    "@griffel/react": ^1.5.2
    "@swc/helpers": ^0.4.14
  peerDependencies:
    "@types/react": ">=16.8.0 <19.0.0"
    "@types/react-dom": ">=16.8.0 <19.0.0"
    react: ">=16.8.0 <19.0.0"
    react-dom: ">=16.8.0 <19.0.0"
    scheduler: ^0.19.0 || ^0.20.0
  checksum: afb416d995b741bdf2c19d3071339f2e149a60be46c26e331ca3e62a6f0924bbd942e0e17066298a78b55f7a6a40a59f04576bb7cd9d8054126aa600572f9a3c
  languageName: node
  linkType: hard

"@fluentui/react-portal@npm:^9.2.6":
  version: 9.2.6
  resolution: "@fluentui/react-portal@npm:9.2.6"
  dependencies:
    "@fluentui/react-shared-contexts": ^9.3.3
    "@fluentui/react-tabster": ^9.6.5
    "@fluentui/react-utilities": ^9.8.0
    "@griffel/react": ^1.5.2
    "@swc/helpers": ^0.4.14
    use-disposable: ^1.0.1
  peerDependencies:
    "@types/react": ">=16.8.0 <19.0.0"
    "@types/react-dom": ">=16.8.0 <19.0.0"
    react: ">=16.8.0 <19.0.0"
    react-dom: ">=16.8.0 <19.0.0"
  checksum: 0ea5f84a71f3917b0ffa02fd17ac30534bf8c48743507520e95820f3076822a657a2bdf36ba606d997bea4bcc2d4e0ee7c120e0ac3c7a4933a2bad8dd47cb316
  languageName: node
  linkType: hard

"@fluentui/react-positioning@npm:^9.5.10":
  version: 9.5.10
  resolution: "@fluentui/react-positioning@npm:9.5.10"
  dependencies:
    "@floating-ui/dom": ^1.2.0
    "@fluentui/react-shared-contexts": ^9.3.3
    "@fluentui/react-theme": ^9.1.7
    "@fluentui/react-utilities": ^9.8.0
    "@griffel/react": ^1.5.2
    "@swc/helpers": ^0.4.14
  peerDependencies:
    "@types/react": ">=16.8.0 <19.0.0"
    "@types/react-dom": ">=16.8.0 <19.0.0"
    react: ">=16.8.0 <19.0.0"
    react-dom: ">=16.8.0 <19.0.0"
  checksum: 33547ea3645ba8d71d95bb76c923fe630a118ef41b96b62b88656e094de20df13505d7b346f35e43d19dbc04b5634abc6b4fe4130b126467deef0c66d4ae9b64
  languageName: node
  linkType: hard

"@fluentui/react-progress@npm:^9.1.11":
  version: 9.1.11
  resolution: "@fluentui/react-progress@npm:9.1.11"
  dependencies:
    "@fluentui/react-field": ^9.1.1
    "@fluentui/react-jsx-runtime": 9.0.0-alpha.2
    "@fluentui/react-shared-contexts": ^9.3.3
    "@fluentui/react-theme": ^9.1.7
    "@fluentui/react-utilities": ^9.8.0
    "@griffel/react": ^1.5.2
    "@swc/helpers": ^0.4.14
  peerDependencies:
    "@types/react": ">=16.8.0 <19.0.0"
    "@types/react-dom": ">=16.8.0 <19.0.0"
    react: ">=16.8.0 <19.0.0"
    react-dom: ">=16.8.0 <19.0.0"
  checksum: b40fa60a8337d9fd85c596ae137410fc35e5a0ba86bca7f2112eee6ab818a5e9119a27ba23fcb965c59cd484b1f240e64f6b8519fb55ef6a4b6646bbb6a2703a
  languageName: node
  linkType: hard

"@fluentui/react-provider@npm:^9.5.4":
  version: 9.5.4
  resolution: "@fluentui/react-provider@npm:9.5.4"
  dependencies:
    "@fluentui/react-jsx-runtime": 9.0.0-alpha.2
    "@fluentui/react-shared-contexts": ^9.3.3
    "@fluentui/react-tabster": ^9.6.5
    "@fluentui/react-theme": ^9.1.7
    "@fluentui/react-utilities": ^9.8.0
    "@griffel/core": ^1.9.0
    "@griffel/react": ^1.5.2
    "@swc/helpers": ^0.4.14
  peerDependencies:
    "@types/react": ">=16.8.0 <19.0.0"
    "@types/react-dom": ">=16.8.0 <19.0.0"
    react: ">=16.8.0 <19.0.0"
    react-dom: ">=16.8.0 <19.0.0"
  checksum: 876b121581f3d2e1b511f412c1425842c818a5c1f954d5b219ad4452df7279713f594bf15399cf4a54e12e4270ae349a8e82c95d78067daeb50f2ec2136fb8d9
  languageName: node
  linkType: hard

"@fluentui/react-radio@npm:^9.1.11":
  version: 9.1.11
  resolution: "@fluentui/react-radio@npm:9.1.11"
  dependencies:
    "@fluentui/react-field": ^9.1.1
    "@fluentui/react-icons": ^2.0.196
    "@fluentui/react-jsx-runtime": 9.0.0-alpha.2
    "@fluentui/react-label": ^9.1.10
    "@fluentui/react-shared-contexts": ^9.3.3
    "@fluentui/react-tabster": ^9.6.5
    "@fluentui/react-theme": ^9.1.7
    "@fluentui/react-utilities": ^9.8.0
    "@griffel/react": ^1.5.2
    "@swc/helpers": ^0.4.14
  peerDependencies:
    "@types/react": ">=16.8.0 <19.0.0"
    "@types/react-dom": ">=16.8.0 <19.0.0"
    react: ">=16.8.0 <19.0.0"
    react-dom: ">=16.8.0 <19.0.0"
    scheduler: ^0.19.0 || ^0.20.0
  checksum: 82967acd6634f55375a952433ade17c894682f03827b9b5daa85d1e3098696274babcfaa29a3d6260599007aa5b55cb710ec40fb9eac8b0db589884caebf3a14
  languageName: node
  linkType: hard

"@fluentui/react-select@npm:^9.1.11":
  version: 9.1.11
  resolution: "@fluentui/react-select@npm:9.1.11"
  dependencies:
    "@fluentui/react-field": ^9.1.1
    "@fluentui/react-icons": ^2.0.196
    "@fluentui/react-jsx-runtime": 9.0.0-alpha.2
    "@fluentui/react-shared-contexts": ^9.3.3
    "@fluentui/react-theme": ^9.1.7
    "@fluentui/react-utilities": ^9.8.0
    "@griffel/react": ^1.5.2
    "@swc/helpers": ^0.4.14
  peerDependencies:
    "@types/react": ">=16.8.0 <19.0.0"
    "@types/react-dom": ">=16.8.0 <19.0.0"
    react: ">=16.8.0 <19.0.0"
    react-dom: ">=16.8.0 <19.0.0"
  checksum: 3e71d80310c3602a713b74c29e4c4a766ad6d207c1c72e96a4c4aa737af537072184a8b8f8633bb6c4e2c7c3b86243d1ff365a7f38d2c56cb847fb32c159d1c1
  languageName: node
  linkType: hard

"@fluentui/react-shared-contexts@npm:^9.3.3":
  version: 9.3.3
  resolution: "@fluentui/react-shared-contexts@npm:9.3.3"
  dependencies:
    "@fluentui/react-theme": ^9.1.7
    "@swc/helpers": ^0.4.14
  peerDependencies:
    "@types/react": ">=16.8.0 <19.0.0"
    react: ">=16.8.0 <19.0.0"
  checksum: a01ee58915c0981be0058a92b0b09710379cdb9d6bcbc898d04c24a14ed3f35e5e39a1b1d1465c72c90d6a96db2a8958363b1ae3e3bea130910c950bde4cbce4
  languageName: node
  linkType: hard

"@fluentui/react-skeleton@npm:9.0.0-beta.10":
  version: 9.0.0-beta.10
  resolution: "@fluentui/react-skeleton@npm:9.0.0-beta.10"
  dependencies:
    "@fluentui/react-field": ^9.1.1
    "@fluentui/react-jsx-runtime": 9.0.0-alpha.2
    "@fluentui/react-shared-contexts": ^9.3.3
    "@fluentui/react-theme": ^9.1.7
    "@fluentui/react-utilities": ^9.8.0
    "@griffel/react": ^1.5.2
    "@swc/helpers": ^0.4.14
  peerDependencies:
    "@types/react": ">=16.8.0 <19.0.0"
    "@types/react-dom": ">=16.8.0 <19.0.0"
    react: ">=16.8.0 <19.0.0"
    react-dom: ">=16.8.0 <19.0.0"
  checksum: c8fb5e33f56c4c1fc91dc880ed821dff74f90f47d1501e2ef01a5300abe51f7ca524c2184e0bee3ecf0322f78283e3526c694330b654b95ed9b32f210d16007b
  languageName: node
  linkType: hard

"@fluentui/react-slider@npm:^9.1.11":
  version: 9.1.11
  resolution: "@fluentui/react-slider@npm:9.1.11"
  dependencies:
    "@fluentui/react-field": ^9.1.1
    "@fluentui/react-jsx-runtime": 9.0.0-alpha.2
    "@fluentui/react-shared-contexts": ^9.3.3
    "@fluentui/react-tabster": ^9.6.5
    "@fluentui/react-theme": ^9.1.7
    "@fluentui/react-utilities": ^9.8.0
    "@griffel/react": ^1.5.2
    "@swc/helpers": ^0.4.14
  peerDependencies:
    "@types/react": ">=16.8.0 <19.0.0"
    "@types/react-dom": ">=16.8.0 <19.0.0"
    react: ">=16.8.0 <19.0.0"
    react-dom: ">=16.8.0 <19.0.0"
  checksum: fbc755e76bb58f9d52def8730827cb470c9c8da2b521e6935693a1afbb1bd09f88893f869162f4cb631659298f9dce99687cdf61b473d3c6cffb645d59e73bea
  languageName: node
  linkType: hard

"@fluentui/react-spinbutton@npm:^9.2.11":
  version: 9.2.11
  resolution: "@fluentui/react-spinbutton@npm:9.2.11"
  dependencies:
    "@fluentui/keyboard-keys": ^9.0.2
    "@fluentui/react-field": ^9.1.1
    "@fluentui/react-icons": ^2.0.196
    "@fluentui/react-jsx-runtime": 9.0.0-alpha.2
    "@fluentui/react-shared-contexts": ^9.3.3
    "@fluentui/react-theme": ^9.1.7
    "@fluentui/react-utilities": ^9.8.0
    "@griffel/react": ^1.5.2
    "@swc/helpers": ^0.4.14
  peerDependencies:
    "@types/react": ">=16.8.0 <19.0.0"
    "@types/react-dom": ">=16.8.0 <19.0.0"
    react: ">=16.8.0 <19.0.0"
    react-dom: ">=16.8.0 <19.0.0"
  checksum: cd54b01f249a4e6a9a4097374754329090189cccc35683db4eb803184693deb604cc7ae62bbac5727af3f26ce19f11f5501f0ee76c23ef40326bf1afbf2ac859
  languageName: node
  linkType: hard

"@fluentui/react-spinner@npm:^9.1.10":
  version: 9.1.10
  resolution: "@fluentui/react-spinner@npm:9.1.10"
  dependencies:
    "@fluentui/react-jsx-runtime": 9.0.0-alpha.2
    "@fluentui/react-label": ^9.1.10
    "@fluentui/react-shared-contexts": ^9.3.3
    "@fluentui/react-theme": ^9.1.7
    "@fluentui/react-utilities": ^9.8.0
    "@griffel/react": ^1.5.2
    "@swc/helpers": ^0.4.14
  peerDependencies:
    "@types/react": ">=16.8.0 <19.0.0"
    "@types/react-dom": ">=16.8.0 <19.0.0"
    react: ">=16.8.0 <19.0.0"
    react-dom: ">=16.8.0 <19.0.0"
  checksum: 71736e0d419b6519f92b2ab8c3cad1311807da86d32d5f89de90a196dead5ef067ad022a479e904e9acbb170a4d996e162fdaba77dbeab40bfd76fc1747ed0b1
  languageName: node
  linkType: hard

"@fluentui/react-switch@npm:^9.1.11":
  version: 9.1.11
  resolution: "@fluentui/react-switch@npm:9.1.11"
  dependencies:
    "@fluentui/react-field": ^9.1.1
    "@fluentui/react-icons": ^2.0.196
    "@fluentui/react-jsx-runtime": 9.0.0-alpha.2
    "@fluentui/react-label": ^9.1.10
    "@fluentui/react-shared-contexts": ^9.3.3
    "@fluentui/react-tabster": ^9.6.5
    "@fluentui/react-theme": ^9.1.7
    "@fluentui/react-utilities": ^9.8.0
    "@griffel/react": ^1.5.2
    "@swc/helpers": ^0.4.14
  peerDependencies:
    "@types/react": ">=16.8.0 <19.0.0"
    "@types/react-dom": ">=16.8.0 <19.0.0"
    react: ">=16.8.0 <19.0.0"
    react-dom: ">=16.8.0 <19.0.0"
  checksum: 8d25140a9701ce19bcacb62fd7aa0c9184fbb5c8cb4fad340c8b1a37eb99d2f08163f04d6ada65cbcf2f83a2c6febdce5e6c516ac8b914a95414236debdfcccd
  languageName: node
  linkType: hard

"@fluentui/react-table@npm:^9.2.7":
  version: 9.2.7
  resolution: "@fluentui/react-table@npm:9.2.7"
  dependencies:
    "@fluentui/keyboard-keys": ^9.0.2
    "@fluentui/react-aria": ^9.3.18
    "@fluentui/react-avatar": ^9.4.10
    "@fluentui/react-checkbox": ^9.1.11
    "@fluentui/react-context-selector": ^9.1.18
    "@fluentui/react-icons": ^2.0.196
    "@fluentui/react-jsx-runtime": 9.0.0-alpha.2
    "@fluentui/react-radio": ^9.1.11
    "@fluentui/react-shared-contexts": ^9.3.3
    "@fluentui/react-tabster": ^9.6.5
    "@fluentui/react-theme": ^9.1.7
    "@fluentui/react-utilities": ^9.8.0
    "@griffel/react": ^1.5.2
    "@swc/helpers": ^0.4.14
  peerDependencies:
    "@types/react": ">=16.8.0 <19.0.0"
    "@types/react-dom": ">=16.8.0 <19.0.0"
    react: ">=16.8.0 <19.0.0"
    react-dom: ">=16.8.0 <19.0.0"
  checksum: f08a54175e417a3f4f78042901c0096d3effc6c98f571aa537bf5f46b600b9dc2dd8690e36c1de9e29ab2477333dcf69f40024342ae3ce426c45c4981e77dc62
  languageName: node
  linkType: hard

"@fluentui/react-tabs@npm:^9.3.11":
  version: 9.3.11
  resolution: "@fluentui/react-tabs@npm:9.3.11"
  dependencies:
    "@fluentui/react-context-selector": ^9.1.18
    "@fluentui/react-jsx-runtime": 9.0.0-alpha.2
    "@fluentui/react-shared-contexts": ^9.3.3
    "@fluentui/react-tabster": ^9.6.5
    "@fluentui/react-theme": ^9.1.7
    "@fluentui/react-utilities": ^9.8.0
    "@griffel/react": ^1.5.2
    "@swc/helpers": ^0.4.14
  peerDependencies:
    "@types/react": ">=16.8.0 <19.0.0"
    "@types/react-dom": ">=16.8.0 <19.0.0"
    react: ">=16.8.0 <19.0.0"
    react-dom: ">=16.8.0 <19.0.0"
    scheduler: ^0.19.0 || ^0.20.0
  checksum: cf36612465ddae8f42592a2e41bbdea1f6af1894eefe726804e00937c8340b7e80e55fdc0119e082f0fec88b95370b511465920ede6ed1535e30e59348b9ffe3
  languageName: node
  linkType: hard

"@fluentui/react-tabster@npm:^9.6.5":
  version: 9.6.5
  resolution: "@fluentui/react-tabster@npm:9.6.5"
  dependencies:
    "@fluentui/react-shared-contexts": ^9.3.3
    "@fluentui/react-theme": ^9.1.7
    "@fluentui/react-utilities": ^9.8.0
    "@griffel/react": ^1.5.2
    "@swc/helpers": ^0.4.14
    keyborg: ^2.0.0
    tabster: ^4.1.1
  peerDependencies:
    "@types/react": ">=16.8.0 <19.0.0"
    "@types/react-dom": ">=16.8.0 <19.0.0"
    react: ">=16.8.0 <19.0.0"
    react-dom: ">=16.8.0 <19.0.0"
  checksum: 4418a13d4d47d37aef44b16f5dc18ed606dd6e4839332ce06a882d1cb78c3727c7ad6e5e51df377dac3e8ba9b66b6ebdb10f31dffe7ee66acc023c40d7b5f490
  languageName: node
  linkType: hard

"@fluentui/react-text@npm:^9.3.7":
  version: 9.3.7
  resolution: "@fluentui/react-text@npm:9.3.7"
  dependencies:
    "@fluentui/react-jsx-runtime": 9.0.0-alpha.2
    "@fluentui/react-shared-contexts": ^9.3.3
    "@fluentui/react-theme": ^9.1.7
    "@fluentui/react-utilities": ^9.8.0
    "@griffel/react": ^1.5.2
    "@swc/helpers": ^0.4.14
  peerDependencies:
    "@types/react": ">=16.8.0 <19.0.0"
    "@types/react-dom": ">=16.8.0 <19.0.0"
    react: ">=16.8.0 <19.0.0"
    react-dom: ">=16.8.0 <19.0.0"
  checksum: b80574ffe2c174b7a9cd8e93f940778db0bf43a08cec87708d93e5fb80f2aa72ee895252d070ae7f8795a5dc558d943dbb25b7e50e7784169f41c32db29d8cb0
  languageName: node
  linkType: hard

"@fluentui/react-textarea@npm:^9.3.11":
  version: 9.3.11
  resolution: "@fluentui/react-textarea@npm:9.3.11"
  dependencies:
    "@fluentui/react-field": ^9.1.1
    "@fluentui/react-jsx-runtime": 9.0.0-alpha.2
    "@fluentui/react-shared-contexts": ^9.3.3
    "@fluentui/react-theme": ^9.1.7
    "@fluentui/react-utilities": ^9.8.0
    "@griffel/react": ^1.5.2
    "@swc/helpers": ^0.4.14
  peerDependencies:
    "@types/react": ">=16.8.0 <19.0.0"
    "@types/react-dom": ">=16.8.0 <19.0.0"
    react: ">=16.8.0 <19.0.0"
    react-dom: ">=16.8.0 <19.0.0"
  checksum: 9aaa92b916f591ee94c805a2324a00267196d7c501ff2de512ff183a4bd28ea671de66d07b29963f0817629d2b190771a817adfdc4f98b875980d27c98f71c7b
  languageName: node
  linkType: hard

"@fluentui/react-theme@npm:^9.1.7":
  version: 9.1.7
  resolution: "@fluentui/react-theme@npm:9.1.7"
  dependencies:
    "@fluentui/tokens": 1.0.0-alpha.4
    "@swc/helpers": ^0.4.14
  checksum: 1d2647040a60f140eacbd4c9ab28f4481818cc4c860df8aa2255142f00f10181c29a71836a399752817a5440cd6bc8b453b627eff01bef65b79c56dcf3eb6b92
  languageName: node
  linkType: hard

"@fluentui/react-toolbar@npm:^9.1.11":
  version: 9.1.11
  resolution: "@fluentui/react-toolbar@npm:9.1.11"
  dependencies:
    "@fluentui/react-button": ^9.3.10
    "@fluentui/react-context-selector": ^9.1.18
    "@fluentui/react-divider": ^9.2.10
    "@fluentui/react-jsx-runtime": 9.0.0-alpha.2
    "@fluentui/react-radio": ^9.1.11
    "@fluentui/react-shared-contexts": ^9.3.3
    "@fluentui/react-tabster": ^9.6.5
    "@fluentui/react-theme": ^9.1.7
    "@fluentui/react-utilities": ^9.8.0
    "@griffel/react": ^1.5.2
    "@swc/helpers": ^0.4.14
  peerDependencies:
    "@types/react": ">=16.8.0 <19.0.0"
    "@types/react-dom": ">=16.8.0 <19.0.0"
    react: ">=16.8.0 <19.0.0"
    react-dom: ">=16.8.0 <19.0.0"
  checksum: 6a84895a0291dc5dd78f1f6b3e700565e93bc4c2dccb0b7ef6d39032f9f953394521f30754a46cd18e32b307466776e1cc729933436062a938a3934797198ba3
  languageName: node
  linkType: hard

"@fluentui/react-tooltip@npm:^9.2.10":
  version: 9.2.10
  resolution: "@fluentui/react-tooltip@npm:9.2.10"
  dependencies:
    "@fluentui/keyboard-keys": ^9.0.2
    "@fluentui/react-jsx-runtime": 9.0.0-alpha.2
    "@fluentui/react-portal": ^9.2.6
    "@fluentui/react-positioning": ^9.5.10
    "@fluentui/react-shared-contexts": ^9.3.3
    "@fluentui/react-theme": ^9.1.7
    "@fluentui/react-utilities": ^9.8.0
    "@griffel/react": ^1.5.2
    "@swc/helpers": ^0.4.14
  peerDependencies:
    "@types/react": ">=16.8.0 <19.0.0"
    "@types/react-dom": ">=16.8.0 <19.0.0"
    react: ">=16.8.0 <19.0.0"
    react-dom: ">=16.8.0 <19.0.0"
  checksum: da76641a620db847fa09f05092427f2d3f3fd03c8357c120c4fb0f0e9f6720d525d4410d6e843f443a3cfe2d6e4d0085df6134834409473891bc25fe16507c97
  languageName: node
  linkType: hard

"@fluentui/react-tree@npm:9.0.0-beta.12":
  version: 9.0.0-beta.12
  resolution: "@fluentui/react-tree@npm:9.0.0-beta.12"
  dependencies:
    "@fluentui/keyboard-keys": ^9.0.2
    "@fluentui/react-aria": ^9.3.18
    "@fluentui/react-avatar": ^9.4.10
    "@fluentui/react-button": ^9.3.10
    "@fluentui/react-context-selector": ^9.1.18
    "@fluentui/react-icons": ^2.0.196
    "@fluentui/react-jsx-runtime": 9.0.0-alpha.2
    "@fluentui/react-portal": ^9.2.6
    "@fluentui/react-shared-contexts": ^9.3.3
    "@fluentui/react-tabster": ^9.6.5
    "@fluentui/react-theme": ^9.1.7
    "@fluentui/react-utilities": ^9.8.0
    "@griffel/react": ^1.5.2
    "@swc/helpers": ^0.4.14
  peerDependencies:
    "@types/react": ">=16.8.0 <19.0.0"
    "@types/react-dom": ">=16.8.0 <19.0.0"
    react: ">=16.8.0 <19.0.0"
    react-dom: ">=16.8.0 <19.0.0"
  checksum: 433166147db1503859f5265f6daa43e33ae694090d1c6d5ebb68e71290b277fcafe39f3fd62f345f7bd4be804a187c23184e9fef5d5785c8734edb6d85d04cb7
  languageName: node
  linkType: hard

"@fluentui/react-utilities@npm:^9.8.0":
  version: 9.8.0
  resolution: "@fluentui/react-utilities@npm:9.8.0"
  dependencies:
    "@fluentui/keyboard-keys": ^9.0.2
    "@swc/helpers": ^0.4.14
  peerDependencies:
    "@types/react": ">=16.8.0 <19.0.0"
    react: ">=16.8.0 <19.0.0"
  checksum: 175854e4b9619bb8fa59cd7d3dd7611cd397a28064b73d868fe0e0280892ebec205f927b5561ed5d2c15f896d6da565ef9dbc564f345a3cdb2403a05d691a210
  languageName: node
  linkType: hard

"@fluentui/react-virtualizer@npm:9.0.0-alpha.18":
  version: 9.0.0-alpha.18
  resolution: "@fluentui/react-virtualizer@npm:9.0.0-alpha.18"
  dependencies:
    "@fluentui/react-jsx-runtime": 9.0.0-alpha.2
    "@fluentui/react-utilities": ^9.8.0
    "@griffel/react": ^1.5.2
    "@swc/helpers": ^0.4.14
  peerDependencies:
    "@types/react": ">=16.8.0 <19.0.0"
    "@types/react-dom": ">=16.8.0 <19.0.0"
    react: ">=16.8.0 <19.0.0"
    react-dom: ">=16.8.0 <19.0.0"
  checksum: 34e328b95d8c3da6a7bcc528f689dc51fe55ade831659e2b74ad88b32738c51f2802f78520499b55ed315f4deb601183696410ade2d0901d291a6013699402f2
  languageName: node
  linkType: hard

"@fluentui/tokens@npm:1.0.0-alpha.4":
  version: 1.0.0-alpha.4
  resolution: "@fluentui/tokens@npm:1.0.0-alpha.4"
  dependencies:
    "@swc/helpers": ^0.4.14
  checksum: c4ba1da96d67384db2d707784c93f29428c9037741da195aa01091a400a87a709d45ea89e5d367edb776deed6409b8e346f5d05c97efa793bedeae49df58a497
  languageName: node
  linkType: hard

"@griffel/core@npm:^1.11.0, @griffel/core@npm:^1.9.0":
  version: 1.11.0
  resolution: "@griffel/core@npm:1.11.0"
  dependencies:
    "@emotion/hash": ^0.9.0
    csstype: ^3.1.2
    rtl-css-js: ^1.16.1
    stylis: ^4.0.13
    tslib: ^2.1.0
  checksum: 61c4c3ee5d0b802829a99381d747e490114c901a5c52701c9d779da4f6473323ef2ad0916c72b7b360539ef15841653a9c29977ae81950afed6bc1b0d2322d17
  languageName: node
  linkType: hard

"@griffel/react@npm:^1.0.0, @griffel/react@npm:^1.5.2":
  version: 1.5.7
  resolution: "@griffel/react@npm:1.5.7"
  dependencies:
    "@griffel/core": ^1.11.0
    tslib: ^2.1.0
  peerDependencies:
    react: ">=16.8.0 <19.0.0"
  checksum: a9f70486f058b10dfafbe34c43b509333983dd39d2d7b7ca8af01c38cd2680a336d53e5858cbc063ea3a597458a50f870afb5de90fbd65ea83c8772f429207f2
  languageName: node
  linkType: hard

"@swc/helpers@npm:^0.4.14":
  version: 0.4.14
  resolution: "@swc/helpers@npm:0.4.14"
  dependencies:
    tslib: ^2.4.0
  checksum: 273fd3f3fc461a92f3790cc551ea054745c6d6959afbe1232e6d7aa1c722bbc114d308aab96bef5c78fc0303c85c7b472ef00e2253251cc89737f3b1af56e5a5
  languageName: node
  linkType: hard

"@types/prop-types@npm:*":
  version: 15.7.5
  resolution: "@types/prop-types@npm:15.7.5"
  checksum: 5b43b8b15415e1f298243165f1d44390403bb2bd42e662bca3b5b5633fdd39c938e91b7fce3a9483699db0f7a715d08cef220c121f723a634972fdf596aec980
  languageName: node
  linkType: hard

"@types/react-dom@npm:^18.2.4":
  version: 18.2.4
  resolution: "@types/react-dom@npm:18.2.4"
  dependencies:
    "@types/react": "*"
  checksum: 8301f35cf1cbfec8c723e9477aecf87774e3c168bd457d353b23c45064737213d3e8008b067c6767b7b08e4f2b3823ee239242a6c225fc91e7f8725ef8734124
  languageName: node
  linkType: hard

"@types/react@npm:*, @types/react@npm:^18.2.6":
  version: 18.2.6
  resolution: "@types/react@npm:18.2.6"
  dependencies:
    "@types/prop-types": "*"
    "@types/scheduler": "*"
    csstype: ^3.0.2
  checksum: dea9d232d8df7ac357367a69dcb557711ab3d5501807ffa77cebeee73d49ee94d095f298e36853c63ed47cce097eee4c7eae2aaa8c02fac3f0171ec1b523a819
  languageName: node
  linkType: hard

"@types/scheduler@npm:*":
  version: 0.16.3
  resolution: "@types/scheduler@npm:0.16.3"
  checksum: 2b0aec39c24268e3ce938c5db2f2e77f5c3dd280e05c262d9c2fe7d890929e4632a6b8e94334017b66b45e4f92a5aa42ba3356640c2a1175fa37bef2f5200767
  languageName: node
  linkType: hard

"csstype@npm:^3.0.2, csstype@npm:^3.1.2":
  version: 3.1.2
  resolution: "csstype@npm:3.1.2"
  checksum: e1a52e6c25c1314d6beef5168da704ab29c5186b877c07d822bd0806717d9a265e8493a2e35ca7e68d0f5d472d43fac1cdce70fd79fd0853dff81f3028d857b5
  languageName: node
  linkType: hard

"fluentui-react-tree-typing-test@workspace:.":
  version: 0.0.0-use.local
  resolution: "fluentui-react-tree-typing-test@workspace:."
  dependencies:
    "@fluentui/react-components": ^9.19.1
    "@types/react": ^18.2.6
    "@types/react-dom": ^18.2.4
    react: ^18.2.0
    react-dom: ^18.2.0
    typescript: ^5.0.4
  languageName: unknown
  linkType: soft

"js-tokens@npm:^3.0.0 || ^4.0.0":
  version: 4.0.0
  resolution: "js-tokens@npm:4.0.0"
  checksum: 8a95213a5a77deb6cbe94d86340e8d9ace2b93bc367790b260101d2f36a2eaf4e4e22d9fa9cf459b38af3a32fb4190e638024cf82ec95ef708680e405ea7cc78
  languageName: node
  linkType: hard

"keyborg@npm:^2.0.0":
  version: 2.0.0
  resolution: "keyborg@npm:2.0.0"
  checksum: 56c8219d94b387acd01b321bf3f142935ad75e96b9924a3015ad3c6b44e7f9d8bec2ae235da7f63a629e5930f07cc8892bc016b65308bccdebf3f6939ea9a174
  languageName: node
  linkType: hard

"loose-envify@npm:^1.1.0":
  version: 1.4.0
  resolution: "loose-envify@npm:1.4.0"
  dependencies:
    js-tokens: ^3.0.0 || ^4.0.0
  bin:
    loose-envify: cli.js
  checksum: 6517e24e0cad87ec9888f500c5b5947032cdfe6ef65e1c1936a0c48a524b81e65542c9c3edc91c97d5bddc806ee2a985dbc79be89215d613b1de5db6d1cfe6f4
  languageName: node
  linkType: hard

"react-dom@npm:^18.2.0":
  version: 18.2.0
  resolution: "react-dom@npm:18.2.0"
  dependencies:
    loose-envify: ^1.1.0
    scheduler: ^0.23.0
  peerDependencies:
    react: ^18.2.0
  checksum: 7d323310bea3a91be2965f9468d552f201b1c27891e45ddc2d6b8f717680c95a75ae0bc1e3f5cf41472446a2589a75aed4483aee8169287909fcd59ad149e8cc
  languageName: node
  linkType: hard

"react@npm:^18.2.0":
  version: 18.2.0
  resolution: "react@npm:18.2.0"
  dependencies:
    loose-envify: ^1.1.0
  checksum: 88e38092da8839b830cda6feef2e8505dec8ace60579e46aa5490fc3dc9bba0bd50336507dc166f43e3afc1c42939c09fe33b25fae889d6f402721dcd78fca1b
  languageName: node
  linkType: hard

"regenerator-runtime@npm:^0.13.11":
  version: 0.13.11
  resolution: "regenerator-runtime@npm:0.13.11"
  checksum: 27481628d22a1c4e3ff551096a683b424242a216fee44685467307f14d58020af1e19660bf2e26064de946bad7eff28950eae9f8209d55723e2d9351e632bbb4
  languageName: node
  linkType: hard

"rtl-css-js@npm:^1.16.1":
  version: 1.16.1
  resolution: "rtl-css-js@npm:1.16.1"
  dependencies:
    "@babel/runtime": ^7.1.2
  checksum: 7d9ab942098eee565784ccf957f6b7dfa78ea1eec7c6bffedc6641575d274189e90752537c7bdba1f43ae6534648144f467fd6d581527455ba626a4300e62c7a
  languageName: node
  linkType: hard

"scheduler@npm:^0.23.0":
  version: 0.23.0
  resolution: "scheduler@npm:0.23.0"
  dependencies:
    loose-envify: ^1.1.0
  checksum: d79192eeaa12abef860c195ea45d37cbf2bbf5f66e3c4dcd16f54a7da53b17788a70d109ee3d3dde1a0fd50e6a8fc171f4300356c5aee4fc0171de526bf35f8a
  languageName: node
  linkType: hard

"stylis@npm:^4.0.13":
  version: 4.2.0
  resolution: "stylis@npm:4.2.0"
  checksum: 0eb6cc1b866dc17a6037d0a82ac7fa877eba6a757443e79e7c4f35bacedbf6421fadcab4363b39667b43355cbaaa570a3cde850f776498e5450f32ed2f9b7584
  languageName: node
  linkType: hard

"tabster@npm:^4.1.1":
  version: 4.4.1
  resolution: "tabster@npm:4.4.1"
  dependencies:
    keyborg: ^2.0.0
    tslib: ^2.3.1
  checksum: d8d3650860daea6da28417aea33f4f1a69aa7ef014ecbf9ec75ec75854730c9b335f832cd1913f9b47ecab2713a5725493ef9a070d18e386dcac01bad386e016
  languageName: node
  linkType: hard

"tslib@npm:^2.1.0, tslib@npm:^2.3.1, tslib@npm:^2.4.0":
  version: 2.5.0
  resolution: "tslib@npm:2.5.0"
  checksum: ae3ed5f9ce29932d049908ebfdf21b3a003a85653a9a140d614da6b767a93ef94f460e52c3d787f0e4f383546981713f165037dc2274df212ea9f8a4541004e1
  languageName: node
  linkType: hard

"typescript@npm:^5.0.4":
  version: 5.0.4
  resolution: "typescript@npm:5.0.4"
  bin:
    tsc: bin/tsc
    tsserver: bin/tsserver
  checksum: 82b94da3f4604a8946da585f7d6c3025fff8410779e5bde2855ab130d05e4fd08938b9e593b6ebed165bda6ad9292b230984f10952cf82f0a0ca07bbeaa08172
  languageName: node
  linkType: hard

"typescript@patch:typescript@^5.0.4#~builtin<compat/typescript>":
  version: 5.0.4
  resolution: "typescript@patch:typescript@npm%3A5.0.4#~builtin<compat/typescript>::version=5.0.4&hash=b5f058"
  bin:
    tsc: bin/tsc
    tsserver: bin/tsserver
  checksum: d26b6ba97b6d163c55dbdffd9bbb4c211667ebebc743accfeb2c8c0154aace7afd097b51165a72a5bad2cf65a4612259344ff60f8e642362aa1695c760d303ac
  languageName: node
  linkType: hard

"use-disposable@npm:^1.0.1":
  version: 1.0.1
  resolution: "use-disposable@npm:1.0.1"
  peerDependencies:
    "@types/react": ">=16.8.0 <19.0.0"
    "@types/react-dom": ">=16.8.0 <19.0.0"
    react: ">=16.8.0 <19.0.0"
    react-dom: ">=16.8.0 <19.0.0"
  checksum: 6e7f688f56fe6910641265e8545051998c33fce8695423ed4161fac0c7c363561eb6e95e88bd2988bf01b4b14a1f09390d179dd9035253ecf6b4140a727f5269
  languageName: node
  linkType: hard
